{
  "originHash" : "20e4dff61ddf40cb0e7ba105a5fc3ff4ad503e7be1b9315b261e9cf3c03a1cc3",
  "pins" : [
    {
      "identity" : "wwswiftui_multidatepicker",
      "kind" : "remoteSourceControl",
      "location" : "https://github.com/William-Weng/WWSwiftUI_MultiDatePicker",
      "state" : {
        "revision" : "9ba7ea6da74d745454d5b9d0048af70b7d0f770e",
        "version" : "1.2.3"
      }
    }
  ],
  "version" : 3
}
