{
  "originHash" : "61a0a9788d469a03a20d860e84b439c5c9cf8a5d833d9ab2d6f6d0b266552f6b",
  "pins" : [
    {
      "identity" : "wwswiftui_list",
      "kind" : "remoteSourceControl",
      "location" : "https://github.com/William-Weng/WWSwiftUI_List",
      "state" : {
        "revision" : "37ae6411528ea276259ebf745529b09eed22671c",
        "version" : "0.5.2"
      }
    },
    {
      "identity" : "wwswiftui_multidatepicker",
      "kind" : "remoteSourceControl",
      "location" : "https://github.com/William-Weng/WWSwiftUI_MultiDatePicker",
      "state" : {
        "revision" : "9ba7ea6da74d745454d5b9d0048af70b7d0f770e",
        "version" : "1.2.3"
      }
    }
  ],
  "version" : 3
}
